// !$*UTF8*$!
{
	archiveVersion = 1;
	classes = {
	};
	objectVersion = 56;
	objects = {

/* Begin PBXBuildFile section */
		557E547BC07146BABBA20A92 /* Pods_SepothipiTests.framework in Frameworks */ = {isa = PBXBuildFile; fileRef = EC9FC40C4CBBB7051920B4D0 /* Pods_SepothipiTests.framework */; };
		764B32AD97F40D95135A8F26 /* Pods_Sepothipi.framework in Frameworks */ = {isa = PBXBuildFile; fileRef = 986BFC74BFBED497E99F9BB4 /* Pods_Sepothipi.framework */; };
		98142E972CB76E2F00122C16 /* AppDelegate.swift in Sources */ = {isa = PBXBuildFile; fileRef = 98142E962CB76E2F00122C16 /* AppDelegate.swift */; };
		98142E992CB76E2F00122C16 /* SceneDelegate.swift in Sources */ = {isa = PBXBuildFile; fileRef = 98142E982CB76E2F00122C16 /* SceneDelegate.swift */; };
		98142EA02CB76E3200122C16 /* Assets.xcassets in Resources */ = {isa = PBXBuildFile; fileRef = 98142E9F2CB76E3200122C16 /* Assets.xcassets */; };
		98142EA32CB76E3200122C16 /* Base in Resources */ = {isa = PBXBuildFile; fileRef = 98142EA22CB76E3200122C16 /* Base */; };
		98142EAE2CB76E3300122C16 /* SepothipiTests.swift in Sources */ = {isa = PBXBuildFile; fileRef = 98142EAD2CB76E3300122C16 /* SepothipiTests.swift */; };
		98142EB82CB76E3300122C16 /* SepothipiUITests.swift in Sources */ = {isa = PBXBuildFile; fileRef = 98142EB72CB76E3300122C16 /* SepothipiUITests.swift */; };
		98142EBA2CB76E3300122C16 /* SepothipiUITestsLaunchTests.swift in Sources */ = {isa = PBXBuildFile; fileRef = 98142EB92CB76E3300122C16 /* SepothipiUITestsLaunchTests.swift */; };
		98142ECD2CB7781800122C16 /* HomeViewController.xib in Resources */ = {isa = PBXBuildFile; fileRef = 98142ECC2CB7781800122C16 /* HomeViewController.xib */; };
		98142ECE2CB7781800122C16 /* HomeViewController.swift in Sources */ = {isa = PBXBuildFile; fileRef = 98142ECB2CB7781800122C16 /* HomeViewController.swift */; };
		98142ED12CB7783300122C16 /* HomeViewModel.swift in Sources */ = {isa = PBXBuildFile; fileRef = 98142ED02CB7783300122C16 /* HomeViewModel.swift */; };
		98142ED52CB7ABF900122C16 /* HomeCell.swift in Sources */ = {isa = PBXBuildFile; fileRef = 98142ED32CB7ABF900122C16 /* HomeCell.swift */; };
		98142ED62CB7ABF900122C16 /* HomeCell.xib in Resources */ = {isa = PBXBuildFile; fileRef = 98142ED42CB7ABF900122C16 /* HomeCell.xib */; };
		98142EE02CB7B71400122C16 /* EndOfBegining.mp3 in Resources */ = {isa = PBXBuildFile; fileRef = 98142EDB2CB7B71100122C16 /* EndOfBegining.mp3 */; };
		98142EE12CB7B71400122C16 /* AboutYou.mp3 in Resources */ = {isa = PBXBuildFile; fileRef = 98142EDC2CB7B71200122C16 /* AboutYou.mp3 */; };
		98142EE22CB7B71400122C16 /* ForeverYoung.mp3 in Resources */ = {isa = PBXBuildFile; fileRef = 98142EDD2CB7B71300122C16 /* ForeverYoung.mp3 */; };
		98142EE32CB7B71400122C16 /* Enchanted.mp3 in Resources */ = {isa = PBXBuildFile; fileRef = 98142EDE2CB7B71400122C16 /* Enchanted.mp3 */; };
		98142EE42CB7B71400122C16 /* HidupHarusTetapBerjalan.mp3 in Resources */ = {isa = PBXBuildFile; fileRef = 98142EDF2CB7B71400122C16 /* HidupHarusTetapBerjalan.mp3 */; };
		98142EE72CB7B79A00122C16 /* UIView.swift in Sources */ = {isa = PBXBuildFile; fileRef = 98142EE62CB7B79A00122C16 /* UIView.swift */; };
		982266EE2CB7BDE800285B45 /* PlayableSongEnum.swift in Sources */ = {isa = PBXBuildFile; fileRef = 982266ED2CB7BDE800285B45 /* PlayableSongEnum.swift */; };
		982266F42CB7C3E900285B45 /* MainInjection.swift in Sources */ = {isa = PBXBuildFile; fileRef = 982266F32CB7C3E900285B45 /* MainInjection.swift */; };
		982266FA2CB7C43100285B45 /* HomeRepositories.swift in Sources */ = {isa = PBXBuildFile; fileRef = 982266F92CB7C43100285B45 /* HomeRepositories.swift */; };
		982266FC2CB7C44400285B45 /* MusicService.swift in Sources */ = {isa = PBXBuildFile; fileRef = 982266FB2CB7C44400285B45 /* MusicService.swift */; };
		982266FE2CB7C45A00285B45 /* Music.swift in Sources */ = {isa = PBXBuildFile; fileRef = 982266FD2CB7C45A00285B45 /* Music.swift */; };
		982267002CB7C81B00285B45 /* HomeIteractor.swift in Sources */ = {isa = PBXBuildFile; fileRef = 982266FF2CB7C81B00285B45 /* HomeIteractor.swift */; };
		982267032CB7CA1500285B45 /* MainBuilder.swift in Sources */ = {isa = PBXBuildFile; fileRef = 982267022CB7CA1500285B45 /* MainBuilder.swift */; };
		982267052CB7CA3D00285B45 /* ModuleEnum.swift in Sources */ = {isa = PBXBuildFile; fileRef = 982267042CB7CA3D00285B45 /* ModuleEnum.swift */; };
		982267082CB8098700285B45 /* PlayableSongService.swift in Sources */ = {isa = PBXBuildFile; fileRef = 982267072CB8098700285B45 /* PlayableSongService.swift */; };
		9822670A2CB8120800285B45 /* ErrorEnum.swift in Sources */ = {isa = PBXBuildFile; fileRef = 982267092CB8120800285B45 /* ErrorEnum.swift */; };
		CCCB0309AE3979041AF5D3BC /* Pods_Sepothipi_SepothipiUITests.framework in Frameworks */ = {isa = PBXBuildFile; fileRef = 4CAF10A0BD9C778E1DF29FE8 /* Pods_Sepothipi_SepothipiUITests.framework */; };
/* End PBXBuildFile section */

/* Begin PBXContainerItemProxy section */
		98142EAA2CB76E3300122C16 /* PBXContainerItemProxy */ = {
			isa = PBXContainerItemProxy;
			containerPortal = 98142E8B2CB76E2F00122C16 /* Project object */;
			proxyType = 1;
			remoteGlobalIDString = 98142E922CB76E2F00122C16;
			remoteInfo = Sepothipi;
		};
		98142EB42CB76E3300122C16 /* PBXContainerItemProxy */ = {
			isa = PBXContainerItemProxy;
			containerPortal = 98142E8B2CB76E2F00122C16 /* Project object */;
			proxyType = 1;
			remoteGlobalIDString = 98142E922CB76E2F00122C16;
			remoteInfo = Sepothipi;
		};
/* End PBXContainerItemProxy section */

/* Begin PBXFileReference section */
		00D6F6BEBAF87F7D9CE43717 /* Pods-Sepothipi.debug.xcconfig */ = {isa = PBXFileReference; includeInIndex = 1; lastKnownFileType = text.xcconfig; name = "Pods-Sepothipi.debug.xcconfig"; path = "Target Support Files/Pods-Sepothipi/Pods-Sepothipi.debug.xcconfig"; sourceTree = "<group>"; };
		12F83F80C9FD109F5994FEC6 /* Pods-SepothipiTests.debug.xcconfig */ = {isa = PBXFileReference; includeInIndex = 1; lastKnownFileType = text.xcconfig; name = "Pods-SepothipiTests.debug.xcconfig"; path = "Target Support Files/Pods-SepothipiTests/Pods-SepothipiTests.debug.xcconfig"; sourceTree = "<group>"; };
		34BFC548B8F15681AC2EF36C /* Pods-Sepothipi-SepothipiUITests.debug.xcconfig */ = {isa = PBXFileReference; includeInIndex = 1; lastKnownFileType = text.xcconfig; name = "Pods-Sepothipi-SepothipiUITests.debug.xcconfig"; path = "Target Support Files/Pods-Sepothipi-SepothipiUITests/Pods-Sepothipi-SepothipiUITests.debug.xcconfig"; sourceTree = "<group>"; };
		4CAF10A0BD9C778E1DF29FE8 /* Pods_Sepothipi_SepothipiUITests.framework */ = {isa = PBXFileReference; explicitFileType = wrapper.framework; includeInIndex = 0; path = Pods_Sepothipi_SepothipiUITests.framework; sourceTree = BUILT_PRODUCTS_DIR; };
		85839C7E3D3983FF374E8E99 /* Pods-Sepothipi.release.xcconfig */ = {isa = PBXFileReference; includeInIndex = 1; lastKnownFileType = text.xcconfig; name = "Pods-Sepothipi.release.xcconfig"; path = "Target Support Files/Pods-Sepothipi/Pods-Sepothipi.release.xcconfig"; sourceTree = "<group>"; };
		96C7930AD577664C8804866F /* Pods-SepothipiTests.release.xcconfig */ = {isa = PBXFileReference; includeInIndex = 1; lastKnownFileType = text.xcconfig; name = "Pods-SepothipiTests.release.xcconfig"; path = "Target Support Files/Pods-SepothipiTests/Pods-SepothipiTests.release.xcconfig"; sourceTree = "<group>"; };
		98142E932CB76E2F00122C16 /* Sepothipi.app */ = {isa = PBXFileReference; explicitFileType = wrapper.application; includeInIndex = 0; path = Sepothipi.app; sourceTree = BUILT_PRODUCTS_DIR; };
		98142E962CB76E2F00122C16 /* AppDelegate.swift */ = {isa = PBXFileReference; lastKnownFileType = sourcecode.swift; path = AppDelegate.swift; sourceTree = "<group>"; };
		98142E982CB76E2F00122C16 /* SceneDelegate.swift */ = {isa = PBXFileReference; lastKnownFileType = sourcecode.swift; path = SceneDelegate.swift; sourceTree = "<group>"; };
		98142E9F2CB76E3200122C16 /* Assets.xcassets */ = {isa = PBXFileReference; lastKnownFileType = folder.assetcatalog; path = Assets.xcassets; sourceTree = "<group>"; };
		98142EA22CB76E3200122C16 /* Base */ = {isa = PBXFileReference; lastKnownFileType = file.storyboard; name = Base; path = Base.lproj/LaunchScreen.storyboard; sourceTree = "<group>"; };
		98142EA42CB76E3200122C16 /* Info.plist */ = {isa = PBXFileReference; lastKnownFileType = text.plist.xml; path = Info.plist; sourceTree = "<group>"; };
		98142EA92CB76E3300122C16 /* SepothipiTests.xctest */ = {isa = PBXFileReference; explicitFileType = wrapper.cfbundle; includeInIndex = 0; path = SepothipiTests.xctest; sourceTree = BUILT_PRODUCTS_DIR; };
		98142EAD2CB76E3300122C16 /* SepothipiTests.swift */ = {isa = PBXFileReference; lastKnownFileType = sourcecode.swift; path = SepothipiTests.swift; sourceTree = "<group>"; };
		98142EB32CB76E3300122C16 /* SepothipiUITests.xctest */ = {isa = PBXFileReference; explicitFileType = wrapper.cfbundle; includeInIndex = 0; path = SepothipiUITests.xctest; sourceTree = BUILT_PRODUCTS_DIR; };
		98142EB72CB76E3300122C16 /* SepothipiUITests.swift */ = {isa = PBXFileReference; lastKnownFileType = sourcecode.swift; path = SepothipiUITests.swift; sourceTree = "<group>"; };
		98142EB92CB76E3300122C16 /* SepothipiUITestsLaunchTests.swift */ = {isa = PBXFileReference; lastKnownFileType = sourcecode.swift; path = SepothipiUITestsLaunchTests.swift; sourceTree = "<group>"; };
		98142ECB2CB7781800122C16 /* HomeViewController.swift */ = {isa = PBXFileReference; lastKnownFileType = sourcecode.swift; path = HomeViewController.swift; sourceTree = "<group>"; };
		98142ECC2CB7781800122C16 /* HomeViewController.xib */ = {isa = PBXFileReference; lastKnownFileType = file.xib; path = HomeViewController.xib; sourceTree = "<group>"; };
		98142ED02CB7783300122C16 /* HomeViewModel.swift */ = {isa = PBXFileReference; lastKnownFileType = sourcecode.swift; path = HomeViewModel.swift; sourceTree = "<group>"; };
		98142ED32CB7ABF900122C16 /* HomeCell.swift */ = {isa = PBXFileReference; lastKnownFileType = sourcecode.swift; path = HomeCell.swift; sourceTree = "<group>"; };
		98142ED42CB7ABF900122C16 /* HomeCell.xib */ = {isa = PBXFileReference; lastKnownFileType = file.xib; path = HomeCell.xib; sourceTree = "<group>"; };
		98142EDB2CB7B71100122C16 /* EndOfBegining.mp3 */ = {isa = PBXFileReference; lastKnownFileType = audio.mp3; path = EndOfBegining.mp3; sourceTree = "<group>"; };
		98142EDC2CB7B71200122C16 /* AboutYou.mp3 */ = {isa = PBXFileReference; lastKnownFileType = audio.mp3; path = AboutYou.mp3; sourceTree = "<group>"; };
		98142EDD2CB7B71300122C16 /* ForeverYoung.mp3 */ = {isa = PBXFileReference; lastKnownFileType = audio.mp3; path = ForeverYoung.mp3; sourceTree = "<group>"; };
		98142EDE2CB7B71400122C16 /* Enchanted.mp3 */ = {isa = PBXFileReference; lastKnownFileType = audio.mp3; path = Enchanted.mp3; sourceTree = "<group>"; };
		98142EDF2CB7B71400122C16 /* HidupHarusTetapBerjalan.mp3 */ = {isa = PBXFileReference; lastKnownFileType = audio.mp3; path = HidupHarusTetapBerjalan.mp3; sourceTree = "<group>"; };
		98142EE62CB7B79A00122C16 /* UIView.swift */ = {isa = PBXFileReference; lastKnownFileType = sourcecode.swift; path = UIView.swift; sourceTree = "<group>"; };
		982266ED2CB7BDE800285B45 /* PlayableSongEnum.swift */ = {isa = PBXFileReference; lastKnownFileType = sourcecode.swift; path = PlayableSongEnum.swift; sourceTree = "<group>"; };
		982266F32CB7C3E900285B45 /* MainInjection.swift */ = {isa = PBXFileReference; lastKnownFileType = sourcecode.swift; path = MainInjection.swift; sourceTree = "<group>"; };
		982266F92CB7C43100285B45 /* HomeRepositories.swift */ = {isa = PBXFileReference; lastKnownFileType = sourcecode.swift; path = HomeRepositories.swift; sourceTree = "<group>"; };
		982266FB2CB7C44400285B45 /* MusicService.swift */ = {isa = PBXFileReference; lastKnownFileType = sourcecode.swift; path = MusicService.swift; sourceTree = "<group>"; };
		982266FD2CB7C45A00285B45 /* Music.swift */ = {isa = PBXFileReference; lastKnownFileType = sourcecode.swift; path = Music.swift; sourceTree = "<group>"; };
		982266FF2CB7C81B00285B45 /* HomeIteractor.swift */ = {isa = PBXFileReference; lastKnownFileType = sourcecode.swift; path = HomeIteractor.swift; sourceTree = "<group>"; };
		982267022CB7CA1500285B45 /* MainBuilder.swift */ = {isa = PBXFileReference; lastKnownFileType = sourcecode.swift; path = MainBuilder.swift; sourceTree = "<group>"; };
		982267042CB7CA3D00285B45 /* ModuleEnum.swift */ = {isa = PBXFileReference; lastKnownFileType = sourcecode.swift; path = ModuleEnum.swift; sourceTree = "<group>"; };
		982267072CB8098700285B45 /* PlayableSongService.swift */ = {isa = PBXFileReference; lastKnownFileType = sourcecode.swift; path = PlayableSongService.swift; sourceTree = "<group>"; };
		982267092CB8120800285B45 /* ErrorEnum.swift */ = {isa = PBXFileReference; lastKnownFileType = sourcecode.swift; path = ErrorEnum.swift; sourceTree = "<group>"; };
		986BFC74BFBED497E99F9BB4 /* Pods_Sepothipi.framework */ = {isa = PBXFileReference; explicitFileType = wrapper.framework; includeInIndex = 0; path = Pods_Sepothipi.framework; sourceTree = BUILT_PRODUCTS_DIR; };
		CF6D4400F72A715627293E9E /* Pods-Sepothipi-SepothipiUITests.release.xcconfig */ = {isa = PBXFileReference; includeInIndex = 1; lastKnownFileType = text.xcconfig; name = "Pods-Sepothipi-SepothipiUITests.release.xcconfig"; path = "Target Support Files/Pods-Sepothipi-SepothipiUITests/Pods-Sepothipi-SepothipiUITests.release.xcconfig"; sourceTree = "<group>"; };
		EC9FC40C4CBBB7051920B4D0 /* Pods_SepothipiTests.framework */ = {isa = PBXFileReference; explicitFileType = wrapper.framework; includeInIndex = 0; path = Pods_SepothipiTests.framework; sourceTree = BUILT_PRODUCTS_DIR; };
/* End PBXFileReference section */

/* Begin PBXFrameworksBuildPhase section */
		98142E902CB76E2F00122C16 /* Frameworks */ = {
			isa = PBXFrameworksBuildPhase;
			buildActionMask = 2147483647;
			files = (
				764B32AD97F40D95135A8F26 /* Pods_Sepothipi.framework in Frameworks */,
			);
			runOnlyForDeploymentPostprocessing = 0;
		};
		98142EA62CB76E3300122C16 /* Frameworks */ = {
			isa = PBXFrameworksBuildPhase;
			buildActionMask = 2147483647;
			files = (
				557E547BC07146BABBA20A92 /* Pods_SepothipiTests.framework in Frameworks */,
			);
			runOnlyForDeploymentPostprocessing = 0;
		};
		98142EB02CB76E3300122C16 /* Frameworks */ = {
			isa = PBXFrameworksBuildPhase;
			buildActionMask = 2147483647;
			files = (
				CCCB0309AE3979041AF5D3BC /* Pods_Sepothipi_SepothipiUITests.framework in Frameworks */,
			);
			runOnlyForDeploymentPostprocessing = 0;
		};
/* End PBXFrameworksBuildPhase section */

/* Begin PBXGroup section */
		98142E8A2CB76E2F00122C16 = {
			isa = PBXGroup;
			children = (
				98142E952CB76E2F00122C16 /* Sepothipi */,
				98142EAC2CB76E3300122C16 /* SepothipiTests */,
				98142EB62CB76E3300122C16 /* SepothipiUITests */,
				98142E942CB76E2F00122C16 /* Products */,
				B076C3272F8C8BB41F825D6F /* Pods */,
				F62ED7569F2CF5C49CC7AD02 /* Frameworks */,
			);
			sourceTree = "<group>";
		};
		98142E942CB76E2F00122C16 /* Products */ = {
			isa = PBXGroup;
			children = (
				98142E932CB76E2F00122C16 /* Sepothipi.app */,
				98142EA92CB76E3300122C16 /* SepothipiTests.xctest */,
				98142EB32CB76E3300122C16 /* SepothipiUITests.xctest */,
			);
			name = Products;
			sourceTree = "<group>";
		};
		98142E952CB76E2F00122C16 /* Sepothipi */ = {
			isa = PBXGroup;
			children = (
				98142ED72CB7B6E800122C16 /* Cores */,
				98142EC62CB7769D00122C16 /* Module */,
				98142E962CB76E2F00122C16 /* AppDelegate.swift */,
				98142E982CB76E2F00122C16 /* SceneDelegate.swift */,
				98142E9F2CB76E3200122C16 /* Assets.xcassets */,
				98142EA12CB76E3200122C16 /* LaunchScreen.storyboard */,
				98142EA42CB76E3200122C16 /* Info.plist */,
			);
			path = Sepothipi;
			sourceTree = "<group>";
		};
		98142EAC2CB76E3300122C16 /* SepothipiTests */ = {
			isa = PBXGroup;
			children = (
				98142EAD2CB76E3300122C16 /* SepothipiTests.swift */,
			);
			path = SepothipiTests;
			sourceTree = "<group>";
		};
		98142EB62CB76E3300122C16 /* SepothipiUITests */ = {
			isa = PBXGroup;
			children = (
				98142EB72CB76E3300122C16 /* SepothipiUITests.swift */,
				98142EB92CB76E3300122C16 /* SepothipiUITestsLaunchTests.swift */,
			);
			path = SepothipiUITests;
			sourceTree = "<group>";
		};
		98142EC62CB7769D00122C16 /* Module */ = {
			isa = PBXGroup;
			children = (
				98142EC72CB776A500122C16 /* Home */,
			);
			path = Module;
			sourceTree = "<group>";
		};
		98142EC72CB776A500122C16 /* Home */ = {
			isa = PBXGroup;
			children = (
				98142EC92CB7770F00122C16 /* Views */,
				98142ECA2CB7771800122C16 /* ViewModel */,
			);
			path = Home;
			sourceTree = "<group>";
		};
		98142EC92CB7770F00122C16 /* Views */ = {
			isa = PBXGroup;
			children = (
				98142ED22CB7ABD900122C16 /* HomeViewCell */,
				98142ECB2CB7781800122C16 /* HomeViewController.swift */,
				98142ECC2CB7781800122C16 /* HomeViewController.xib */,
			);
			path = Views;
			sourceTree = "<group>";
		};
		98142ECA2CB7771800122C16 /* ViewModel */ = {
			isa = PBXGroup;
			children = (
				98142ED02CB7783300122C16 /* HomeViewModel.swift */,
			);
			path = ViewModel;
			sourceTree = "<group>";
		};
		98142ED22CB7ABD900122C16 /* HomeViewCell */ = {
			isa = PBXGroup;
			children = (
				98142ED32CB7ABF900122C16 /* HomeCell.swift */,
				98142ED42CB7ABF900122C16 /* HomeCell.xib */,
			);
			path = HomeViewCell;
			sourceTree = "<group>";
		};
		98142ED72CB7B6E800122C16 /* Cores */ = {
			isa = PBXGroup;
			children = (
				982267012CB7CA0600285B45 /* Builder */,
				982266F22CB7C3D500285B45 /* DI */,
				982266EF2CB7C2C300285B45 /* Domains */,
				982266EC2CB7BDDA00285B45 /* Enum */,
				98142EE52CB7B75C00122C16 /* Extensions */,
				98142ED82CB7B6EE00122C16 /* Data */,
			);
			path = Cores;
			sourceTree = "<group>";
		};
		98142ED82CB7B6EE00122C16 /* Data */ = {
			isa = PBXGroup;
			children = (
				982266F62CB7C40B00285B45 /* Repository */,
				982266F52CB7C40000285B45 /* Remotes */,
				98142ED92CB7B6F400122C16 /* Locale */,
			);
			path = Data;
			sourceTree = "<group>";
		};
		98142ED92CB7B6F400122C16 /* Locale */ = {
			isa = PBXGroup;
			children = (
				982267062CB8096D00285B45 /* LocalMusic */,
				98142EDA2CB7B6FC00122C16 /* Music */,
			);
			path = Locale;
			sourceTree = "<group>";
		};
		98142EDA2CB7B6FC00122C16 /* Music */ = {
			isa = PBXGroup;
			children = (
				98142EDC2CB7B71200122C16 /* AboutYou.mp3 */,
				98142EDE2CB7B71400122C16 /* Enchanted.mp3 */,
				98142EDB2CB7B71100122C16 /* EndOfBegining.mp3 */,
				98142EDD2CB7B71300122C16 /* ForeverYoung.mp3 */,
				98142EDF2CB7B71400122C16 /* HidupHarusTetapBerjalan.mp3 */,
			);
			path = Music;
			sourceTree = "<group>";
		};
		98142EE52CB7B75C00122C16 /* Extensions */ = {
			isa = PBXGroup;
			children = (
				98142EE62CB7B79A00122C16 /* UIView.swift */,
			);
			path = Extensions;
			sourceTree = "<group>";
		};
		982266EC2CB7BDDA00285B45 /* Enum */ = {
			isa = PBXGroup;
			children = (
				982266ED2CB7BDE800285B45 /* PlayableSongEnum.swift */,
				982267042CB7CA3D00285B45 /* ModuleEnum.swift */,
				982267092CB8120800285B45 /* ErrorEnum.swift */,
			);
			path = Enum;
			sourceTree = "<group>";
		};
		982266EF2CB7C2C300285B45 /* Domains */ = {
			isa = PBXGroup;
			children = (
				982266F12CB7C2D000285B45 /* UseCases */,
				982266F02CB7C2CA00285B45 /* Entities */,
			);
			path = Domains;
			sourceTree = "<group>";
		};
		982266F02CB7C2CA00285B45 /* Entities */ = {
			isa = PBXGroup;
			children = (
				982266FD2CB7C45A00285B45 /* Music.swift */,
			);
			path = Entities;
			sourceTree = "<group>";
		};
		982266F12CB7C2D000285B45 /* UseCases */ = {
			isa = PBXGroup;
			children = (
				982266FF2CB7C81B00285B45 /* HomeIteractor.swift */,
			);
			path = UseCases;
			sourceTree = "<group>";
		};
		982266F22CB7C3D500285B45 /* DI */ = {
			isa = PBXGroup;
			children = (
				982266F32CB7C3E900285B45 /* MainInjection.swift */,
			);
			path = DI;
			sourceTree = "<group>";
		};
		982266F52CB7C40000285B45 /* Remotes */ = {
			isa = PBXGroup;
			children = (
				982266FB2CB7C44400285B45 /* MusicService.swift */,
			);
			path = Remotes;
			sourceTree = "<group>";
		};
		982266F62CB7C40B00285B45 /* Repository */ = {
			isa = PBXGroup;
			children = (
				982266F92CB7C43100285B45 /* HomeRepositories.swift */,
			);
			path = Repository;
			sourceTree = "<group>";
		};
		982267012CB7CA0600285B45 /* Builder */ = {
			isa = PBXGroup;
			children = (
				982267022CB7CA1500285B45 /* MainBuilder.swift */,
			);
			path = Builder;
			sourceTree = "<group>";
		};
		982267062CB8096D00285B45 /* LocalMusic */ = {
			isa = PBXGroup;
			children = (
				982267072CB8098700285B45 /* PlayableSongService.swift */,
			);
			path = LocalMusic;
			sourceTree = "<group>";
		};
		B076C3272F8C8BB41F825D6F /* Pods */ = {
			isa = PBXGroup;
			children = (
				00D6F6BEBAF87F7D9CE43717 /* Pods-Sepothipi.debug.xcconfig */,
				85839C7E3D3983FF374E8E99 /* Pods-Sepothipi.release.xcconfig */,
				34BFC548B8F15681AC2EF36C /* Pods-Sepothipi-SepothipiUITests.debug.xcconfig */,
				CF6D4400F72A715627293E9E /* Pods-Sepothipi-SepothipiUITests.release.xcconfig */,
				12F83F80C9FD109F5994FEC6 /* Pods-SepothipiTests.debug.xcconfig */,
				96C7930AD577664C8804866F /* Pods-SepothipiTests.release.xcconfig */,
			);
			path = Pods;
			sourceTree = "<group>";
		};
		F62ED7569F2CF5C49CC7AD02 /* Frameworks */ = {
			isa = PBXGroup;
			children = (
				986BFC74BFBED497E99F9BB4 /* Pods_Sepothipi.framework */,
				4CAF10A0BD9C778E1DF29FE8 /* Pods_Sepothipi_SepothipiUITests.framework */,
				EC9FC40C4CBBB7051920B4D0 /* Pods_SepothipiTests.framework */,
			);
			name = Frameworks;
			sourceTree = "<group>";
		};
/* End PBXGroup section */

/* Begin PBXNativeTarget section */
		98142E922CB76E2F00122C16 /* Sepothipi */ = {
			isa = PBXNativeTarget;
			buildConfigurationList = 98142EBD2CB76E3300122C16 /* Build configuration list for PBXNativeTarget "Sepothipi" */;
			buildPhases = (
				AC514CB38FBDA3DCD0AC277D /* [CP] Check Pods Manifest.lock */,
				98142E8F2CB76E2F00122C16 /* Sources */,
				98142E902CB76E2F00122C16 /* Frameworks */,
				98142E912CB76E2F00122C16 /* Resources */,
				8315E1281986D1F1C31BD716 /* [CP] Embed Pods Frameworks */,
			);
			buildRules = (
			);
			dependencies = (
			);
			name = Sepothipi;
			productName = Sepothipi;
			productReference = 98142E932CB76E2F00122C16 /* Sepothipi.app */;
			productType = "com.apple.product-type.application";
		};
		98142EA82CB76E3300122C16 /* SepothipiTests */ = {
			isa = PBXNativeTarget;
			buildConfigurationList = 98142EC02CB76E3300122C16 /* Build configuration list for PBXNativeTarget "SepothipiTests" */;
			buildPhases = (
				5CB0AC1B101E333E998B1132 /* [CP] Check Pods Manifest.lock */,
				98142EA52CB76E3300122C16 /* Sources */,
				98142EA62CB76E3300122C16 /* Frameworks */,
				98142EA72CB76E3300122C16 /* Resources */,
			);
			buildRules = (
			);
			dependencies = (
				98142EAB2CB76E3300122C16 /* PBXTargetDependency */,
			);
			name = SepothipiTests;
			productName = SepothipiTests;
			productReference = 98142EA92CB76E3300122C16 /* SepothipiTests.xctest */;
			productType = "com.apple.product-type.bundle.unit-test";
		};
		98142EB22CB76E3300122C16 /* SepothipiUITests */ = {
			isa = PBXNativeTarget;
			buildConfigurationList = 98142EC32CB76E3300122C16 /* Build configuration list for PBXNativeTarget "SepothipiUITests" */;
			buildPhases = (
				E7DC108F1E4DEA20B16858E7 /* [CP] Check Pods Manifest.lock */,
				98142EAF2CB76E3300122C16 /* Sources */,
				98142EB02CB76E3300122C16 /* Frameworks */,
				98142EB12CB76E3300122C16 /* Resources */,
				ABEE40E9F17CC4E25B36B0E1 /* [CP] Embed Pods Frameworks */,
			);
			buildRules = (
			);
			dependencies = (
				98142EB52CB76E3300122C16 /* PBXTargetDependency */,
			);
			name = SepothipiUITests;
			productName = SepothipiUITests;
			productReference = 98142EB32CB76E3300122C16 /* SepothipiUITests.xctest */;
			productType = "com.apple.product-type.bundle.ui-testing";
		};
/* End PBXNativeTarget section */

/* Begin PBXProject section */
		98142E8B2CB76E2F00122C16 /* Project object */ = {
			isa = PBXProject;
			attributes = {
				BuildIndependentTargetsInParallel = 1;
				LastSwiftUpdateCheck = 1540;
				LastUpgradeCheck = 1540;
				TargetAttributes = {
					98142E922CB76E2F00122C16 = {
						CreatedOnToolsVersion = 15.4;
					};
					98142EA82CB76E3300122C16 = {
						CreatedOnToolsVersion = 15.4;
						TestTargetID = 98142E922CB76E2F00122C16;
					};
					98142EB22CB76E3300122C16 = {
						CreatedOnToolsVersion = 15.4;
						TestTargetID = 98142E922CB76E2F00122C16;
					};
				};
			};
			buildConfigurationList = 98142E8E2CB76E2F00122C16 /* Build configuration list for PBXProject "Sepothipi" */;
			compatibilityVersion = "Xcode 14.0";
			developmentRegion = en;
			hasScannedForEncodings = 0;
			knownRegions = (
				en,
				Base,
			);
			mainGroup = 98142E8A2CB76E2F00122C16;
			productRefGroup = 98142E942CB76E2F00122C16 /* Products */;
			projectDirPath = "";
			projectRoot = "";
			targets = (
				98142E922CB76E2F00122C16 /* Sepothipi */,
				98142EA82CB76E3300122C16 /* SepothipiTests */,
				98142EB22CB76E3300122C16 /* SepothipiUITests */,
			);
		};
/* End PBXProject section */

/* Begin PBXResourcesBuildPhase section */
		98142E912CB76E2F00122C16 /* Resources */ = {
			isa = PBXResourcesBuildPhase;
			buildActionMask = 2147483647;
			files = (
				98142EE12CB7B71400122C16 /* AboutYou.mp3 in Resources */,
				98142EE02CB7B71400122C16 /* EndOfBegining.mp3 in Resources */,
				98142EA02CB76E3200122C16 /* Assets.xcassets in Resources */,
				98142EA32CB76E3200122C16 /* Base in Resources */,
				98142ED62CB7ABF900122C16 /* HomeCell.xib in Resources */,
				98142EE32CB7B71400122C16 /* Enchanted.mp3 in Resources */,
				98142EE22CB7B71400122C16 /* ForeverYoung.mp3 in Resources */,
				98142ECD2CB7781800122C16 /* HomeViewController.xib in Resources */,
				98142EE42CB7B71400122C16 /* HidupHarusTetapBerjalan.mp3 in Resources */,
			);
			runOnlyForDeploymentPostprocessing = 0;
		};
		98142EA72CB76E3300122C16 /* Resources */ = {
			isa = PBXResourcesBuildPhase;
			buildActionMask = 2147483647;
			files = (
			);
			runOnlyForDeploymentPostprocessing = 0;
		};
		98142EB12CB76E3300122C16 /* Resources */ = {
			isa = PBXResourcesBuildPhase;
			buildActionMask = 2147483647;
			files = (
			);
			runOnlyForDeploymentPostprocessing = 0;
		};
/* End PBXResourcesBuildPhase section */

/* Begin PBXShellScriptBuildPhase section */
		5CB0AC1B101E333E998B1132 /* [CP] Check Pods Manifest.lock */ = {
			isa = PBXShellScriptBuildPhase;
			buildActionMask = 2147483647;
			files = (
			);
			inputFileListPaths = (
			);
			inputPaths = (
				"${PODS_PODFILE_DIR_PATH}/Podfile.lock",
				"${PODS_ROOT}/Manifest.lock",
			);
			name = "[CP] Check Pods Manifest.lock";
			outputFileListPaths = (
			);
			outputPaths = (
				"$(DERIVED_FILE_DIR)/Pods-SepothipiTests-checkManifestLockResult.txt",
			);
			runOnlyForDeploymentPostprocessing = 0;
			shellPath = /bin/sh;
			shellScript = "diff \"${PODS_PODFILE_DIR_PATH}/Podfile.lock\" \"${PODS_ROOT}/Manifest.lock\" > /dev/null\nif [ $? != 0 ] ; then\n    # print error to STDERR\n    echo \"error: The sandbox is not in sync with the Podfile.lock. Run 'pod install' or update your CocoaPods installation.\" >&2\n    exit 1\nfi\n# This output is used by Xcode 'outputs' to avoid re-running this script phase.\necho \"SUCCESS\" > \"${SCRIPT_OUTPUT_FILE_0}\"\n";
			showEnvVarsInLog = 0;
		};
		8315E1281986D1F1C31BD716 /* [CP] Embed Pods Frameworks */ = {
			isa = PBXShellScriptBuildPhase;
			buildActionMask = 2147483647;
			files = (
			);
			inputFileListPaths = (
				"${PODS_ROOT}/Target Support Files/Pods-Sepothipi/Pods-Sepothipi-frameworks-${CONFIGURATION}-input-files.xcfilelist",
			);
			name = "[CP] Embed Pods Frameworks";
			outputFileListPaths = (
				"${PODS_ROOT}/Target Support Files/Pods-Sepothipi/Pods-Sepothipi-frameworks-${CONFIGURATION}-output-files.xcfilelist",
			);
			runOnlyForDeploymentPostprocessing = 0;
			shellPath = /bin/sh;
			shellScript = "\"${PODS_ROOT}/Target Support Files/Pods-Sepothipi/Pods-Sepothipi-frameworks.sh\"\n";
			showEnvVarsInLog = 0;
		};
		ABEE40E9F17CC4E25B36B0E1 /* [CP] Embed Pods Frameworks */ = {
			isa = PBXShellScriptBuildPhase;
			buildActionMask = 2147483647;
			files = (
			);
			inputFileListPaths = (
				"${PODS_ROOT}/Target Support Files/Pods-Sepothipi-SepothipiUITests/Pods-Sepothipi-SepothipiUITests-frameworks-${CONFIGURATION}-input-files.xcfilelist",
			);
			name = "[CP] Embed Pods Frameworks";
			outputFileListPaths = (
				"${PODS_ROOT}/Target Support Files/Pods-Sepothipi-SepothipiUITests/Pods-Sepothipi-SepothipiUITests-frameworks-${CONFIGURATION}-output-files.xcfilelist",
			);
			runOnlyForDeploymentPostprocessing = 0;
			shellPath = /bin/sh;
			shellScript = "\"${PODS_ROOT}/Target Support Files/Pods-Sepothipi-SepothipiUITests/Pods-Sepothipi-SepothipiUITests-frameworks.sh\"\n";
			showEnvVarsInLog = 0;
		};
		AC514CB38FBDA3DCD0AC277D /* [CP] Check Pods Manifest.lock */ = {
			isa = PBXShellScriptBuildPhase;
			buildActionMask = 2147483647;
			files = (
			);
			inputFileListPaths = (
			);
			inputPaths = (
				"${PODS_PODFILE_DIR_PATH}/Podfile.lock",
				"${PODS_ROOT}/Manifest.lock",
			);
			name = "[CP] Check Pods Manifest.lock";
			outputFileListPaths = (
			);
			outputPaths = (
				"$(DERIVED_FILE_DIR)/Pods-Sepothipi-checkManifestLockResult.txt",
			);
			runOnlyForDeploymentPostprocessing = 0;
			shellPath = /bin/sh;
			shellScript = "diff \"${PODS_PODFILE_DIR_PATH}/Podfile.lock\" \"${PODS_ROOT}/Manifest.lock\" > /dev/null\nif [ $? != 0 ] ; then\n    # print error to STDERR\n    echo \"error: The sandbox is not in sync with the Podfile.lock. Run 'pod install' or update your CocoaPods installation.\" >&2\n    exit 1\nfi\n# This output is used by Xcode 'outputs' to avoid re-running this script phase.\necho \"SUCCESS\" > \"${SCRIPT_OUTPUT_FILE_0}\"\n";
			showEnvVarsInLog = 0;
		};
		E7DC108F1E4DEA20B16858E7 /* [CP] Check Pods Manifest.lock */ = {
			isa = PBXShellScriptBuildPhase;
			buildActionMask = 2147483647;
			files = (
			);
			inputFileListPaths = (
			);
			inputPaths = (
				"${PODS_PODFILE_DIR_PATH}/Podfile.lock",
				"${PODS_ROOT}/Manifest.lock",
			);
			name = "[CP] Check Pods Manifest.lock";
			outputFileListPaths = (
			);
			outputPaths = (
				"$(DERIVED_FILE_DIR)/Pods-Sepothipi-SepothipiUITests-checkManifestLockResult.txt",
			);
			runOnlyForDeploymentPostprocessing = 0;
			shellPath = /bin/sh;
			shellScript = "diff \"${PODS_PODFILE_DIR_PATH}/Podfile.lock\" \"${PODS_ROOT}/Manifest.lock\" > /dev/null\nif [ $? != 0 ] ; then\n    # print error to STDERR\n    echo \"error: The sandbox is not in sync with the Podfile.lock. Run 'pod install' or update your CocoaPods installation.\" >&2\n    exit 1\nfi\n# This output is used by Xcode 'outputs' to avoid re-running this script phase.\necho \"SUCCESS\" > \"${SCRIPT_OUTPUT_FILE_0}\"\n";
			showEnvVarsInLog = 0;
		};
/* End PBXShellScriptBuildPhase section */

/* Begin PBXSourcesBuildPhase section */
		98142E8F2CB76E2F00122C16 /* Sources */ = {
			isa = PBXSourcesBuildPhase;
			buildActionMask = 2147483647;
			files = (
				98142E972CB76E2F00122C16 /* AppDelegate.swift in Sources */,
				982266FC2CB7C44400285B45 /* MusicService.swift in Sources */,
				982267082CB8098700285B45 /* PlayableSongService.swift in Sources */,
				98142E992CB76E2F00122C16 /* SceneDelegate.swift in Sources */,
				982266EE2CB7BDE800285B45 /* PlayableSongEnum.swift in Sources */,
				98142ED12CB7783300122C16 /* HomeViewModel.swift in Sources */,
				982267032CB7CA1500285B45 /* MainBuilder.swift in Sources */,
				98142ECE2CB7781800122C16 /* HomeViewController.swift in Sources */,
				982266FA2CB7C43100285B45 /* HomeRepositories.swift in Sources */,
				9822670A2CB8120800285B45 /* ErrorEnum.swift in Sources */,
				982266FE2CB7C45A00285B45 /* Music.swift in Sources */,
				982267002CB7C81B00285B45 /* HomeIteractor.swift in Sources */,
				982267052CB7CA3D00285B45 /* ModuleEnum.swift in Sources */,
				98142EE72CB7B79A00122C16 /* UIView.swift in Sources */,
				982266F42CB7C3E900285B45 /* MainInjection.swift in Sources */,
				98142ED52CB7ABF900122C16 /* HomeCell.swift in Sources */,
			);
			runOnlyForDeploymentPostprocessing = 0;
		};
		98142EA52CB76E3300122C16 /* Sources */ = {
			isa = PBXSourcesBuildPhase;
			buildActionMask = 2147483647;
			files = (
				98142EAE2CB76E3300122C16 /* SepothipiTests.swift in Sources */,
			);
			runOnlyForDeploymentPostprocessing = 0;
		};
		98142EAF2CB76E3300122C16 /* Sources */ = {
			isa = PBXSourcesBuildPhase;
			buildActionMask = 2147483647;
			files = (
				98142EBA2CB76E3300122C16 /* SepothipiUITestsLaunchTests.swift in Sources */,
				98142EB82CB76E3300122C16 /* SepothipiUITests.swift in Sources */,
			);
			runOnlyForDeploymentPostprocessing = 0;
		};
/* End PBXSourcesBuildPhase section */

/* Begin PBXTargetDependency section */
		98142EAB2CB76E3300122C16 /* PBXTargetDependency */ = {
			isa = PBXTargetDependency;
			target = 98142E922CB76E2F00122C16 /* Sepothipi */;
			targetProxy = 98142EAA2CB76E3300122C16 /* PBXContainerItemProxy */;
		};
		98142EB52CB76E3300122C16 /* PBXTargetDependency */ = {
			isa = PBXTargetDependency;
			target = 98142E922CB76E2F00122C16 /* Sepothipi */;
			targetProxy = 98142EB42CB76E3300122C16 /* PBXContainerItemProxy */;
		};
/* End PBXTargetDependency section */

/* Begin PBXVariantGroup section */
		98142EA12CB76E3200122C16 /* LaunchScreen.storyboard */ = {
			isa = PBXVariantGroup;
			children = (
				98142EA22CB76E3200122C16 /* Base */,
			);
			name = LaunchScreen.storyboard;
			sourceTree = "<group>";
		};
/* End PBXVariantGroup section */

/* Begin XCBuildConfiguration section */
		98142EBB2CB76E3300122C16 /* Debug */ = {
			isa = XCBuildConfiguration;
			buildSettings = {
				ALWAYS_SEARCH_USER_PATHS = NO;
				ASSETCATALOG_COMPILER_GENERATE_SWIFT_ASSET_SYMBOL_EXTENSIONS = YES;
				CLANG_ANALYZER_NONNULL = YES;
				CLANG_ANALYZER_NUMBER_OBJECT_CONVERSION = YES_AGGRESSIVE;
				CLANG_CXX_LANGUAGE_STANDARD = "gnu++20";
				CLANG_ENABLE_MODULES = YES;
				CLANG_ENABLE_OBJC_ARC = YES;
				CLANG_ENABLE_OBJC_WEAK = YES;
				CLANG_WARN_BLOCK_CAPTURE_AUTORELEASING = YES;
				CLANG_WARN_BOOL_CONVERSION = YES;
				CLANG_WARN_COMMA = YES;
				CLANG_WARN_CONSTANT_CONVERSION = YES;
				CLANG_WARN_DEPRECATED_OBJC_IMPLEMENTATIONS = YES;
				CLANG_WARN_DIRECT_OBJC_ISA_USAGE = YES_ERROR;
				CLANG_WARN_DOCUMENTATION_COMMENTS = YES;
				CLANG_WARN_EMPTY_BODY = YES;
				CLANG_WARN_ENUM_CONVERSION = YES;
				CLANG_WARN_INFINITE_RECURSION = YES;
				CLANG_WARN_INT_CONVERSION = YES;
				CLANG_WARN_NON_LITERAL_NULL_CONVERSION = YES;
				CLANG_WARN_OBJC_IMPLICIT_RETAIN_SELF = YES;
				CLANG_WARN_OBJC_LITERAL_CONVERSION = YES;
				CLANG_WARN_OBJC_ROOT_CLASS = YES_ERROR;
				CLANG_WARN_QUOTED_INCLUDE_IN_FRAMEWORK_HEADER = YES;
				CLANG_WARN_RANGE_LOOP_ANALYSIS = YES;
				CLANG_WARN_STRICT_PROTOTYPES = YES;
				CLANG_WARN_SUSPICIOUS_MOVE = YES;
				CLANG_WARN_UNGUARDED_AVAILABILITY = YES_AGGRESSIVE;
				CLANG_WARN_UNREACHABLE_CODE = YES;
				CLANG_WARN__DUPLICATE_METHOD_MATCH = YES;
				COPY_PHASE_STRIP = NO;
				DEBUG_INFORMATION_FORMAT = dwarf;
				ENABLE_STRICT_OBJC_MSGSEND = YES;
				ENABLE_TESTABILITY = YES;
				ENABLE_USER_SCRIPT_SANDBOXING = YES;
				GCC_C_LANGUAGE_STANDARD = gnu17;
				GCC_DYNAMIC_NO_PIC = NO;
				GCC_NO_COMMON_BLOCKS = YES;
				GCC_OPTIMIZATION_LEVEL = 0;
				GCC_PREPROCESSOR_DEFINITIONS = (
					"DEBUG=1",
					"$(inherited)",
				);
				GCC_WARN_64_TO_32_BIT_CONVERSION = YES;
				GCC_WARN_ABOUT_RETURN_TYPE = YES_ERROR;
				GCC_WARN_UNDECLARED_SELECTOR = YES;
				GCC_WARN_UNINITIALIZED_AUTOS = YES_AGGRESSIVE;
				GCC_WARN_UNUSED_FUNCTION = YES;
				GCC_WARN_UNUSED_VARIABLE = YES;
				IPHONEOS_DEPLOYMENT_TARGET = 13.0;
				LOCALIZATION_PREFERS_STRING_CATALOGS = YES;
				MTL_ENABLE_DEBUG_INFO = INCLUDE_SOURCE;
				MTL_FAST_MATH = YES;
				ONLY_ACTIVE_ARCH = YES;
				SDKROOT = iphoneos;
				SWIFT_ACTIVE_COMPILATION_CONDITIONS = "DEBUG $(inherited)";
				SWIFT_OPTIMIZATION_LEVEL = "-Onone";
			};
			name = Debug;
		};
		98142EBC2CB76E3300122C16 /* Release */ = {
			isa = XCBuildConfiguration;
			buildSettings = {
				ALWAYS_SEARCH_USER_PATHS = NO;
				ASSETCATALOG_COMPILER_GENERATE_SWIFT_ASSET_SYMBOL_EXTENSIONS = YES;
				CLANG_ANALYZER_NONNULL = YES;
				CLANG_ANALYZER_NUMBER_OBJECT_CONVERSION = YES_AGGRESSIVE;
				CLANG_CXX_LANGUAGE_STANDARD = "gnu++20";
				CLANG_ENABLE_MODULES = YES;
				CLANG_ENABLE_OBJC_ARC = YES;
				CLANG_ENABLE_OBJC_WEAK = YES;
				CLANG_WARN_BLOCK_CAPTURE_AUTORELEASING = YES;
				CLANG_WARN_BOOL_CONVERSION = YES;
				CLANG_WARN_COMMA = YES;
				CLANG_WARN_CONSTANT_CONVERSION = YES;
				CLANG_WARN_DEPRECATED_OBJC_IMPLEMENTATIONS = YES;
				CLANG_WARN_DIRECT_OBJC_ISA_USAGE = YES_ERROR;
				CLANG_WARN_DOCUMENTATION_COMMENTS = YES;
				CLANG_WARN_EMPTY_BODY = YES;
				CLANG_WARN_ENUM_CONVERSION = YES;
				CLANG_WARN_INFINITE_RECURSION = YES;
				CLANG_WARN_INT_CONVERSION = YES;
				CLANG_WARN_NON_LITERAL_NULL_CONVERSION = YES;
				CLANG_WARN_OBJC_IMPLICIT_RETAIN_SELF = YES;
				CLANG_WARN_OBJC_LITERAL_CONVERSION = YES;
				CLANG_WARN_OBJC_ROOT_CLASS = YES_ERROR;
				CLANG_WARN_QUOTED_INCLUDE_IN_FRAMEWORK_HEADER = YES;
				CLANG_WARN_RANGE_LOOP_ANALYSIS = YES;
				CLANG_WARN_STRICT_PROTOTYPES = YES;
				CLANG_WARN_SUSPICIOUS_MOVE = YES;
				CLANG_WARN_UNGUARDED_AVAILABILITY = YES_AGGRESSIVE;
				CLANG_WARN_UNREACHABLE_CODE = YES;
				CLANG_WARN__DUPLICATE_METHOD_MATCH = YES;
				COPY_PHASE_STRIP = NO;
				DEBUG_INFORMATION_FORMAT = "dwarf-with-dsym";
				ENABLE_NS_ASSERTIONS = NO;
				ENABLE_STRICT_OBJC_MSGSEND = YES;
				ENABLE_USER_SCRIPT_SANDBOXING = YES;
				GCC_C_LANGUAGE_STANDARD = gnu17;
				GCC_NO_COMMON_BLOCKS = YES;
				GCC_WARN_64_TO_32_BIT_CONVERSION = YES;
				GCC_WARN_ABOUT_RETURN_TYPE = YES_ERROR;
				GCC_WARN_UNDECLARED_SELECTOR = YES;
				GCC_WARN_UNINITIALIZED_AUTOS = YES_AGGRESSIVE;
				GCC_WARN_UNUSED_FUNCTION = YES;
				GCC_WARN_UNUSED_VARIABLE = YES;
				IPHONEOS_DEPLOYMENT_TARGET = 13.0;
				LOCALIZATION_PREFERS_STRING_CATALOGS = YES;
				MTL_ENABLE_DEBUG_INFO = NO;
				MTL_FAST_MATH = YES;
				SDKROOT = iphoneos;
				SWIFT_COMPILATION_MODE = wholemodule;
				VALIDATE_PRODUCT = YES;
			};
			name = Release;
		};
		98142EBE2CB76E3300122C16 /* Debug */ = {
			isa = XCBuildConfiguration;
			baseConfigurationReference = 00D6F6BEBAF87F7D9CE43717 /* Pods-Sepothipi.debug.xcconfig */;
			buildSettings = {
				ASSETCATALOG_COMPILER_APPICON_NAME = AppIcon;
				ASSETCATALOG_COMPILER_GLOBAL_ACCENT_COLOR_NAME = AccentColor;
				CODE_SIGN_STYLE = Automatic;
				CURRENT_PROJECT_VERSION = 1;
				DEVELOPMENT_TEAM = RX3369J48R;
				ENABLE_USER_SCRIPT_SANDBOXING = NO;
				GENERATE_INFOPLIST_FILE = YES;
				INFOPLIST_FILE = Sepothipi/Info.plist;
				INFOPLIST_KEY_UIApplicationSupportsIndirectInputEvents = YES;
				INFOPLIST_KEY_UILaunchStoryboardName = LaunchScreen;
				INFOPLIST_KEY_UISupportedInterfaceOrientations_iPad = "UIInterfaceOrientationPortrait UIInterfaceOrientationPortraitUpsideDown UIInterfaceOrientationLandscapeLeft UIInterfaceOrientationLandscapeRight";
				INFOPLIST_KEY_UISupportedInterfaceOrientations_iPhone = "UIInterfaceOrientationPortrait UIInterfaceOrientationLandscapeLeft UIInterfaceOrientationLandscapeRight";
				IPHONEOS_DEPLOYMENT_TARGET = 13.0;
				LD_RUNPATH_SEARCH_PATHS = (
					"$(inherited)",
					"@executable_path/Frameworks",
				);
				MARKETING_VERSION = 1.0;
				PRODUCT_BUNDLE_IDENTIFIER = MobileDevAndri.Sepothipi;
				PRODUCT_NAME = "$(TARGET_NAME)";
				SWIFT_EMIT_LOC_STRINGS = YES;
				SWIFT_VERSION = 5.0;
				TARGETED_DEVICE_FAMILY = "1,2";
			};
			name = Debug;
		};
		98142EBF2CB76E3300122C16 /* Release */ = {
			isa = XCBuildConfiguration;
			baseConfigurationReference = 85839C7E3D3983FF374E8E99 /* Pods-Sepothipi.release.xcconfig */;
			buildSettings = {
				ASSETCATALOG_COMPILER_APPICON_NAME = AppIcon;
				ASSETCATALOG_COMPILER_GLOBAL_ACCENT_COLOR_NAME = AccentColor;
				CODE_SIGN_STYLE = Automatic;
				CURRENT_PROJECT_VERSION = 1;
				DEVELOPMENT_TEAM = RX3369J48R;
				ENABLE_USER_SCRIPT_SANDBOXING = NO;
				GENERATE_INFOPLIST_FILE = YES;
				INFOPLIST_FILE = Sepothipi/Info.plist;
				INFOPLIST_KEY_UIApplicationSupportsIndirectInputEvents = YES;
				INFOPLIST_KEY_UILaunchStoryboardName = LaunchScreen;
				INFOPLIST_KEY_UISupportedInterfaceOrientations_iPad = "UIInterfaceOrientationPortrait UIInterfaceOrientationPortraitUpsideDown UIInterfaceOrientationLandscapeLeft UIInterfaceOrientationLandscapeRight";
				INFOPLIST_KEY_UISupportedInterfaceOrientations_iPhone = "UIInterfaceOrientationPortrait UIInterfaceOrientationLandscapeLeft UIInterfaceOrientationLandscapeRight";
				IPHONEOS_DEPLOYMENT_TARGET = 13.0;
				LD_RUNPATH_SEARCH_PATHS = (
					"$(inherited)",
					"@executable_path/Frameworks",
				);
				MARKETING_VERSION = 1.0;
				PRODUCT_BUNDLE_IDENTIFIER = MobileDevAndri.Sepothipi;
				PRODUCT_NAME = "$(TARGET_NAME)";
				SWIFT_EMIT_LOC_STRINGS = YES;
				SWIFT_VERSION = 5.0;
				TARGETED_DEVICE_FAMILY = "1,2";
			};
			name = Release;
		};
		98142EC12CB76E3300122C16 /* Debug */ = {
			isa = XCBuildConfiguration;
			baseConfigurationReference = 12F83F80C9FD109F5994FEC6 /* Pods-SepothipiTests.debug.xcconfig */;
			buildSettings = {
				ALWAYS_EMBED_SWIFT_STANDARD_LIBRARIES = YES;
				BUNDLE_LOADER = "$(TEST_HOST)";
				CODE_SIGN_STYLE = Automatic;
				CURRENT_PROJECT_VERSION = 1;
				DEVELOPMENT_TEAM = RX3369J48R;
				GENERATE_INFOPLIST_FILE = YES;
				IPHONEOS_DEPLOYMENT_TARGET = 17.5;
				MARKETING_VERSION = 1.0;
				PRODUCT_BUNDLE_IDENTIFIER = MobileDevAndri.SepothipiTests;
				PRODUCT_NAME = "$(TARGET_NAME)";
				SWIFT_EMIT_LOC_STRINGS = NO;
				SWIFT_VERSION = 5.0;
				TARGETED_DEVICE_FAMILY = "1,2";
				TEST_HOST = "$(BUILT_PRODUCTS_DIR)/Sepothipi.app/$(BUNDLE_EXECUTABLE_FOLDER_PATH)/Sepothipi";
			};
			name = Debug;
		};
		98142EC22CB76E3300122C16 /* Release */ = {
			isa = XCBuildConfiguration;
			baseConfigurationReference = 96C7930AD577664C8804866F /* Pods-SepothipiTests.release.xcconfig */;
			buildSettings = {
				ALWAYS_EMBED_SWIFT_STANDARD_LIBRARIES = YES;
				BUNDLE_LOADER = "$(TEST_HOST)";
				CODE_SIGN_STYLE = Automatic;
				CURRENT_PROJECT_VERSION = 1;
				DEVELOPMENT_TEAM = RX3369J48R;
				GENERATE_INFOPLIST_FILE = YES;
				IPHONEOS_DEPLOYMENT_TARGET = 17.5;
				MARKETING_VERSION = 1.0;
				PRODUCT_BUNDLE_IDENTIFIER = MobileDevAndri.SepothipiTests;
				PRODUCT_NAME = "$(TARGET_NAME)";
				SWIFT_EMIT_LOC_STRINGS = NO;
				SWIFT_VERSION = 5.0;
				TARGETED_DEVICE_FAMILY = "1,2";
				TEST_HOST = "$(BUILT_PRODUCTS_DIR)/Sepothipi.app/$(BUNDLE_EXECUTABLE_FOLDER_PATH)/Sepothipi";
			};
			name = Release;
		};
		98142EC42CB76E3300122C16 /* Debug */ = {
			isa = XCBuildConfiguration;
			baseConfigurationReference = 34BFC548B8F15681AC2EF36C /* Pods-Sepothipi-SepothipiUITests.debug.xcconfig */;
			buildSettings = {
				ALWAYS_EMBED_SWIFT_STANDARD_LIBRARIES = YES;
				CODE_SIGN_STYLE = Automatic;
				CURRENT_PROJECT_VERSION = 1;
				DEVELOPMENT_TEAM = RX3369J48R;
				GENERATE_INFOPLIST_FILE = YES;
				MARKETING_VERSION = 1.0;
				PRODUCT_BUNDLE_IDENTIFIER = MobileDevAndri.SepothipiUITests;
				PRODUCT_NAME = "$(TARGET_NAME)";
				SWIFT_EMIT_LOC_STRINGS = NO;
				SWIFT_VERSION = 5.0;
				TARGETED_DEVICE_FAMILY = "1,2";
				TEST_TARGET_NAME = Sepothipi;
			};
			name = Debug;
		};
		98142EC52CB76E3300122C16 /* Release */ = {
			isa = XCBuildConfiguration;
			baseConfigurationReference = CF6D4400F72A715627293E9E /* Pods-Sepothipi-SepothipiUITests.release.xcconfig */;
			buildSettings = {
				ALWAYS_EMBED_SWIFT_STANDARD_LIBRARIES = YES;
				CODE_SIGN_STYLE = Automatic;
				CURRENT_PROJECT_VERSION = 1;
				DEVELOPMENT_TEAM = RX3369J48R;
				GENERATE_INFOPLIST_FILE = YES;
				MARKETING_VERSION = 1.0;
				PRODUCT_BUNDLE_IDENTIFIER = MobileDevAndri.SepothipiUITests;
				PRODUCT_NAME = "$(TARGET_NAME)";
				SWIFT_EMIT_LOC_STRINGS = NO;
				SWIFT_VERSION = 5.0;
				TARGETED_DEVICE_FAMILY = "1,2";
				TEST_TARGET_NAME = Sepothipi;
			};
			name = Release;
		};
/* End XCBuildConfiguration section */

/* Begin XCConfigurationList section */
		98142E8E2CB76E2F00122C16 /* Build configuration list for PBXProject "Sepothipi" */ = {
			isa = XCConfigurationList;
			buildConfigurations = (
				98142EBB2CB76E3300122C16 /* Debug */,
				98142EBC2CB76E3300122C16 /* Release */,
			);
			defaultConfigurationIsVisible = 0;
			defaultConfigurationName = Release;
		};
		98142EBD2CB76E3300122C16 /* Build configuration list for PBXNativeTarget "Sepothipi" */ = {
			isa = XCConfigurationList;
			buildConfigurations = (
				98142EBE2CB76E3300122C16 /* Debug */,
				98142EBF2CB76E3300122C16 /* Release */,
			);
			defaultConfigurationIsVisible = 0;
			defaultConfigurationName = Release;
		};
		98142EC02CB76E3300122C16 /* Build configuration list for PBXNativeTarget "SepothipiTests" */ = {
			isa = XCConfigurationList;
			buildConfigurations = (
				98142EC12CB76E3300122C16 /* Debug */,
				98142EC22CB76E3300122C16 /* Release */,
			);
			defaultConfigurationIsVisible = 0;
			defaultConfigurationName = Release;
		};
		98142EC32CB76E3300122C16 /* Build configuration list for PBXNativeTarget "SepothipiUITests" */ = {
			isa = XCConfigurationList;
			buildConfigurations = (
				98142EC42CB76E3300122C16 /* Debug */,
				98142EC52CB76E3300122C16 /* Release */,
			);
			defaultConfigurationIsVisible = 0;
			defaultConfigurationName = Release;
		};
/* End XCConfigurationList section */
	};
	rootObject = 98142E8B2CB76E2F00122C16 /* Project object */;
}
